
Microsoft Visual Studio Solution File, Format Version 12.00
# Visual Studio Version 17
VisualStudioVersion = 17.2.32526.322
MinimumVisualStudioVersion = 10.0.40219.1
Project("{9A19103F-16F7-4668-BE54-9A1E7A4F7556}") = "SDK_Laboratoire1", "SDK_Laboratoire1\SDK_Laboratoire1.csproj", "{DD677652-3B26-4DCA-B082-99A178C0A9E4}"
EndProject
Project("{9A19103F-16F7-4668-BE54-9A1E7A4F7556}") = "LibrairieConversionNote", "LibrairieConversionNote\LibrairieConversionNote\LibrairieConversionNote.csproj", "{617B8380-478C-4535-8C03-453A6F057B5C}"
EndProject
Global
	GlobalSection(SolutionConfigurationPlatforms) = preSolution
		Debug|Any CPU = Debug|Any CPU
		Release|Any CPU = Release|Any CPU
	EndGlobalSection
	GlobalSection(ProjectConfigurationPlatforms) = postSolution
		{DD677652-3B26-4DCA-B082-99A178C0A9E4}.Debug|Any CPU.ActiveCfg = Debug|Any CPU
		{DD677652-3B26-4DCA-B082-99A178C0A9E4}.Debug|Any CPU.Build.0 = Debug|Any CPU
		{DD677652-3B26-4DCA-B082-99A178C0A9E4}.Release|Any CPU.ActiveCfg = Release|Any CPU
		{DD677652-3B26-4DCA-B082-99A178C0A9E4}.Release|Any CPU.Build.0 = Release|Any CPU
		{617B8380-478C-4535-8C03-453A6F057B5C}.Debug|Any CPU.ActiveCfg = Debug|Any CPU
		{617B8380-478C-4535-8C03-453A6F057B5C}.Debug|Any CPU.Build.0 = Debug|Any CPU
		{617B8380-478C-4535-8C03-453A6F057B5C}.Release|Any CPU.ActiveCfg = Release|Any CPU
		{617B8380-478C-4535-8C03-453A6F057B5C}.Release|Any CPU.Build.0 = Release|Any CPU
	EndGlobalSection
	GlobalSection(SolutionProperties) = preSolution
		HideSolutionNode = FALSE
	EndGlobalSection
	GlobalSection(ExtensibilityGlobals) = postSolution
		SolutionGuid = {21F19F41-57FE-4613-87D0-AF6AEDDE9F4D}
	EndGlobalSection
EndGlobal
